
Microsoft Visual Studio Solution File, Format Version 12.00
# Visual Studio Version 17
VisualStudioVersion = 17.5.33502.453
MinimumVisualStudioVersion = 10.0.40219.1
Project("{FAE04EC0-301F-11D3-BF4B-00C04F79EFBC}") = "Project1", "Project1\Project1.csproj", "{9EC2AF53-75CE-49B3-9F29-94409A442E9B}"
EndProject
Global
	GlobalSection(SolutionConfigurationPlatforms) = preSolution
		Debug|Any CPU = Debug|Any CPU
		Release|Any CPU = Release|Any CPU
	EndGlobalSection
	GlobalSection(ProjectConfigurationPlatforms) = postSolution
		{9EC2AF53-75CE-49B3-9F29-94409A442E9B}.Debug|Any CPU.ActiveCfg = Debug|Any CPU
		{9EC2AF53-75CE-49B3-9F29-94409A442E9B}.Debug|Any CPU.Build.0 = Debug|Any CPU
		{9EC2AF53-75CE-49B3-9F29-94409A442E9B}.Release|Any CPU.ActiveCfg = Release|Any CPU
		{9EC2AF53-75CE-49B3-9F29-94409A442E9B}.Release|Any CPU.Build.0 = Release|Any CPU
	EndGlobalSection
	GlobalSection(SolutionProperties) = preSolution
		HideSolutionNode = FALSE
	EndGlobalSection
	GlobalSection(ExtensibilityGlobals) = postSolution
		SolutionGuid = {B199B769-EDE7-4E97-A862-BB81697920E4}
	EndGlobalSection
EndGlobal
