
Microsoft Visual Studio Solution File, Format Version 12.00
# Visual Studio Version 17
VisualStudioVersion = 17.5.33502.453
MinimumVisualStudioVersion = 10.0.40219.1
Project("{FAE04EC0-301F-11D3-BF4B-00C04F79EFBC}") = "Project2", "Project2\Project2.csproj", "{43CD0F72-AF41-47E0-BD64-7B5AB67B4305}"
EndProject
Global
	GlobalSection(SolutionConfigurationPlatforms) = preSolution
		Debug|Any CPU = Debug|Any CPU
		Release|Any CPU = Release|Any CPU
	EndGlobalSection
	GlobalSection(ProjectConfigurationPlatforms) = postSolution
		{43CD0F72-AF41-47E0-BD64-7B5AB67B4305}.Debug|Any CPU.ActiveCfg = Debug|Any CPU
		{43CD0F72-AF41-47E0-BD64-7B5AB67B4305}.Debug|Any CPU.Build.0 = Debug|Any CPU
		{43CD0F72-AF41-47E0-BD64-7B5AB67B4305}.Release|Any CPU.ActiveCfg = Release|Any CPU
		{43CD0F72-AF41-47E0-BD64-7B5AB67B4305}.Release|Any CPU.Build.0 = Release|Any CPU
	EndGlobalSection
	GlobalSection(SolutionProperties) = preSolution
		HideSolutionNode = FALSE
	EndGlobalSection
	GlobalSection(ExtensibilityGlobals) = postSolution
		SolutionGuid = {46F78E9A-4BB7-4C97-94FA-05EB3B759C8A}
	EndGlobalSection
EndGlobal
