
Microsoft Visual Studio Solution File, Format Version 12.00
# Visual Studio Version 17
VisualStudioVersion = 17.5.33502.453
MinimumVisualStudioVersion = 10.0.40219.1
Project("{FAE04EC0-301F-11D3-BF4B-00C04F79EFBC}") = "Preoject_5", "Preoject_5\Preoject_5.csproj", "{0C5E18FA-AEB1-4015-8A47-E85996D482F5}"
EndProject
Global
	GlobalSection(SolutionConfigurationPlatforms) = preSolution
		Debug|Any CPU = Debug|Any CPU
		Release|Any CPU = Release|Any CPU
	EndGlobalSection
	GlobalSection(ProjectConfigurationPlatforms) = postSolution
		{0C5E18FA-AEB1-4015-8A47-E85996D482F5}.Debug|Any CPU.ActiveCfg = Debug|Any CPU
		{0C5E18FA-AEB1-4015-8A47-E85996D482F5}.Debug|Any CPU.Build.0 = Debug|Any CPU
		{0C5E18FA-AEB1-4015-8A47-E85996D482F5}.Release|Any CPU.ActiveCfg = Release|Any CPU
		{0C5E18FA-AEB1-4015-8A47-E85996D482F5}.Release|Any CPU.Build.0 = Release|Any CPU
	EndGlobalSection
	GlobalSection(SolutionProperties) = preSolution
		HideSolutionNode = FALSE
	EndGlobalSection
	GlobalSection(ExtensibilityGlobals) = postSolution
		SolutionGuid = {051F3E74-C511-497F-B4A4-79C22995F07C}
	EndGlobalSection
EndGlobal
