
Microsoft Visual Studio Solution File, Format Version 12.00
# Visual Studio Version 17
VisualStudioVersion = 17.5.33502.453
MinimumVisualStudioVersion = 10.0.40219.1
Project("{FAE04EC0-301F-11D3-BF4B-00C04F79EFBC}") = "ExamC#_Javascript", "ExamC#_Javascript\ExamC#_Javascript.csproj", "{B99329D7-956A-4BFB-B59E-6289E1BB8B3B}"
EndProject
Global
	GlobalSection(SolutionConfigurationPlatforms) = preSolution
		Debug|Any CPU = Debug|Any CPU
		Release|Any CPU = Release|Any CPU
	EndGlobalSection
	GlobalSection(ProjectConfigurationPlatforms) = postSolution
		{B99329D7-956A-4BFB-B59E-6289E1BB8B3B}.Debug|Any CPU.ActiveCfg = Debug|Any CPU
		{B99329D7-956A-4BFB-B59E-6289E1BB8B3B}.Debug|Any CPU.Build.0 = Debug|Any CPU
		{B99329D7-956A-4BFB-B59E-6289E1BB8B3B}.Release|Any CPU.ActiveCfg = Release|Any CPU
		{B99329D7-956A-4BFB-B59E-6289E1BB8B3B}.Release|Any CPU.Build.0 = Release|Any CPU
	EndGlobalSection
	GlobalSection(SolutionProperties) = preSolution
		HideSolutionNode = FALSE
	EndGlobalSection
	GlobalSection(ExtensibilityGlobals) = postSolution
		SolutionGuid = {48B6A4DF-3B71-42D1-927D-1B0261A9E284}
	EndGlobalSection
EndGlobal
