
Microsoft Visual Studio Solution File, Format Version 12.00
# Visual Studio Version 17
VisualStudioVersion = 17.5.33502.453
MinimumVisualStudioVersion = 10.0.40219.1
Project("{FAE04EC0-301F-11D3-BF4B-00C04F79EFBC}") = "Project_8", "Project_8\Project_8.csproj", "{E556C0F6-274A-417B-BCF9-27BCC091AF07}"
EndProject
Global
	GlobalSection(SolutionConfigurationPlatforms) = preSolution
		Debug|Any CPU = Debug|Any CPU
		Release|Any CPU = Release|Any CPU
	EndGlobalSection
	GlobalSection(ProjectConfigurationPlatforms) = postSolution
		{E556C0F6-274A-417B-BCF9-27BCC091AF07}.Debug|Any CPU.ActiveCfg = Debug|Any CPU
		{E556C0F6-274A-417B-BCF9-27BCC091AF07}.Debug|Any CPU.Build.0 = Debug|Any CPU
		{E556C0F6-274A-417B-BCF9-27BCC091AF07}.Release|Any CPU.ActiveCfg = Release|Any CPU
		{E556C0F6-274A-417B-BCF9-27BCC091AF07}.Release|Any CPU.Build.0 = Release|Any CPU
	EndGlobalSection
	GlobalSection(SolutionProperties) = preSolution
		HideSolutionNode = FALSE
	EndGlobalSection
	GlobalSection(ExtensibilityGlobals) = postSolution
		SolutionGuid = {A53EE57B-B526-4BDC-B250-CFA8A37E973A}
	EndGlobalSection
EndGlobal
